// !$*UTF8*$!
{
	archiveVersion = 1;
	classes = {
	};
	objectVersion = 46;
	objects = {

/* Begin PBXBuildFile section */
		AABED1DD16B4686300B00294 /* UIKit.framework in Frameworks */ = {isa = PBXBuildFile; fileRef = AABED1DC16B4686300B00294 /* UIKit.framework */; };
		AABED1DF16B4686300B00294 /* Foundation.framework in Frameworks */ = {isa = PBXBuildFile; fileRef = AABED1DE16B4686300B00294 /* Foundation.framework */; };
		AABED1E116B4686300B00294 /* CoreGraphics.framework in Frameworks */ = {isa = PBXBuildFile; fileRef = AABED1E016B4686300B00294 /* CoreGraphics.framework */; };
		AABED1E716B4686300B00294 /* InfoPlist.strings in Resources */ = {isa = PBXBuildFile; fileRef = AABED1E516B4686300B00294 /* InfoPlist.strings */; };
		AABED1E916B4686300B00294 /* main.m in Sources */ = {isa = PBXBuildFile; fileRef = AABED1E816B4686300B00294 /* main.m */; };
		AABED1ED16B4686300B00294 /* AppDelegate.m in Sources */ = {isa = PBXBuildFile; fileRef = AABED1EC16B4686300B00294 /* AppDelegate.m */; };
		AABED1EF16B4686300B00294 /* Default.png in Resources */ = {isa = PBXBuildFile; fileRef = AABED1EE16B4686300B00294 /* Default.png */; };
		AABED1F116B4686300B00294 /* Default@2x.png in Resources */ = {isa = PBXBuildFile; fileRef = AABED1F016B4686300B00294 /* Default@2x.png */; };
		AABED1F316B4686300B00294 /* Default-568h@2x.png in Resources */ = {isa = PBXBuildFile; fileRef = AABED1F216B4686300B00294 /* Default-568h@2x.png */; };
		AABED1F616B4686300B00294 /* MainStoryboard.storyboard in Resources */ = {isa = PBXBuildFile; fileRef = AABED1F416B4686300B00294 /* MainStoryboard.storyboard */; };
		AABED1F916B4686300B00294 /* ViewController.m in Sources */ = {isa = PBXBuildFile; fileRef = AABED1F816B4686300B00294 /* ViewController.m */; };
/* End PBXBuildFile section */

/* Begin PBXFileReference section */
		AABED1D816B4686300B00294 /* QBScrollableImageView.app */ = {isa = PBXFileReference; explicitFileType = wrapper.application; includeInIndex = 0; path = QBScrollableImageView.app; sourceTree = BUILT_PRODUCTS_DIR; };
		AABED1DC16B4686300B00294 /* UIKit.framework */ = {isa = PBXFileReference; lastKnownFileType = wrapper.framework; name = UIKit.framework; path = System/Library/Frameworks/UIKit.framework; sourceTree = SDKROOT; };
		AABED1DE16B4686300B00294 /* Foundation.framework */ = {isa = PBXFileReference; lastKnownFileType = wrapper.framework; name = Foundation.framework; path = System/Library/Frameworks/Foundation.framework; sourceTree = SDKROOT; };
		AABED1E016B4686300B00294 /* CoreGraphics.framework */ = {isa = PBXFileReference; lastKnownFileType = wrapper.framework; name = CoreGraphics.framework; path = System/Library/Frameworks/CoreGraphics.framework; sourceTree = SDKROOT; };
		AABED1E416B4686300B00294 /* QBScrollableImageView-Info.plist */ = {isa = PBXFileReference; lastKnownFileType = text.plist.xml; path = "QBScrollableImageView-Info.plist"; sourceTree = "<group>"; };
		AABED1E616B4686300B00294 /* en */ = {isa = PBXFileReference; lastKnownFileType = text.plist.strings; name = en; path = en.lproj/InfoPlist.strings; sourceTree = "<group>"; };
		AABED1E816B4686300B00294 /* main.m */ = {isa = PBXFileReference; lastKnownFileType = sourcecode.c.objc; path = main.m; sourceTree = "<group>"; };
		AABED1EA16B4686300B00294 /* QBScrollableImageView-Prefix.pch */ = {isa = PBXFileReference; lastKnownFileType = sourcecode.c.h; path = "QBScrollableImageView-Prefix.pch"; sourceTree = "<group>"; };
		AABED1EB16B4686300B00294 /* AppDelegate.h */ = {isa = PBXFileReference; lastKnownFileType = sourcecode.c.h; path = AppDelegate.h; sourceTree = "<group>"; };
		AABED1EC16B4686300B00294 /* AppDelegate.m */ = {isa = PBXFileReference; lastKnownFileType = sourcecode.c.objc; path = AppDelegate.m; sourceTree = "<group>"; };
		AABED1EE16B4686300B00294 /* Default.png */ = {isa = PBXFileReference; lastKnownFileType = image.png; path = Default.png; sourceTree = "<group>"; };
		AABED1F016B4686300B00294 /* Default@2x.png */ = {isa = PBXFileReference; lastKnownFileType = image.png; path = "Default@2x.png"; sourceTree = "<group>"; };
		AABED1F216B4686300B00294 /* Default-568h@2x.png */ = {isa = PBXFileReference; lastKnownFileType = image.png; path = "Default-568h@2x.png"; sourceTree = "<group>"; };
		AABED1F516B4686300B00294 /* en */ = {isa = PBXFileReference; lastKnownFileType = file.storyboard; name = en; path = en.lproj/MainStoryboard.storyboard; sourceTree = "<group>"; };
		AABED1F716B4686300B00294 /* ViewController.h */ = {isa = PBXFileReference; lastKnownFileType = sourcecode.c.h; path = ViewController.h; sourceTree = "<group>"; };
		AABED1F816B4686300B00294 /* ViewController.m */ = {isa = PBXFileReference; lastKnownFileType = sourcecode.c.objc; path = ViewController.m; sourceTree = "<group>"; };
/* End PBXFileReference section */

/* Begin PBXFrameworksBuildPhase section */
		AABED1D516B4686300B00294 /* Frameworks */ = {
			isa = PBXFrameworksBuildPhase;
			buildActionMask = 2147483647;
			files = (
				AABED1DD16B4686300B00294 /* UIKit.framework in Frameworks */,
				AABED1DF16B4686300B00294 /* Foundation.framework in Frameworks */,
				AABED1E116B4686300B00294 /* CoreGraphics.framework in Frameworks */,
			);
			runOnlyForDeploymentPostprocessing = 0;
		};
/* End PBXFrameworksBuildPhase section */

/* Begin PBXGroup section */
		AABED1CD16B4686300B00294 = {
			isa = PBXGroup;
			children = (
				AABED1E216B4686300B00294 /* QBScrollableImageView */,
				AABED1DB16B4686300B00294 /* Frameworks */,
				AABED1D916B4686300B00294 /* Products */,
			);
			sourceTree = "<group>";
		};
		AABED1D916B4686300B00294 /* Products */ = {
			isa = PBXGroup;
			children = (
				AABED1D816B4686300B00294 /* QBScrollableImageView.app */,
			);
			name = Products;
			sourceTree = "<group>";
		};
		AABED1DB16B4686300B00294 /* Frameworks */ = {
			isa = PBXGroup;
			children = (
				AABED1DC16B4686300B00294 /* UIKit.framework */,
				AABED1DE16B4686300B00294 /* Foundation.framework */,
				AABED1E016B4686300B00294 /* CoreGraphics.framework */,
			);
			name = Frameworks;
			sourceTree = "<group>";
		};
		AABED1E216B4686300B00294 /* QBScrollableImageView */ = {
			isa = PBXGroup;
			children = (
				AABED1EB16B4686300B00294 /* AppDelegate.h */,
				AABED1EC16B4686300B00294 /* AppDelegate.m */,
				AABED1F416B4686300B00294 /* MainStoryboard.storyboard */,
				AABED1F716B4686300B00294 /* ViewController.h */,
				AABED1F816B4686300B00294 /* ViewController.m */,
				AABED1E316B4686300B00294 /* Supporting Files */,
			);
			path = QBScrollableImageView;
			sourceTree = "<group>";
		};
		AABED1E316B4686300B00294 /* Supporting Files */ = {
			isa = PBXGroup;
			children = (
				AABED1E416B4686300B00294 /* QBScrollableImageView-Info.plist */,
				AABED1E516B4686300B00294 /* InfoPlist.strings */,
				AABED1E816B4686300B00294 /* main.m */,
				AABED1EA16B4686300B00294 /* QBScrollableImageView-Prefix.pch */,
				AABED1EE16B4686300B00294 /* Default.png */,
				AABED1F016B4686300B00294 /* Default@2x.png */,
				AABED1F216B4686300B00294 /* Default-568h@2x.png */,
			);
			name = "Supporting Files";
			sourceTree = "<group>";
		};
/* End PBXGroup section */

/* Begin PBXNativeTarget section */
		AABED1D716B4686300B00294 /* QBScrollableImageView */ = {
			isa = PBXNativeTarget;
			buildConfigurationList = AABED1FC16B4686300B00294 /* Build configuration list for PBXNativeTarget "QBScrollableImageView" */;
			buildPhases = (
				AABED1D416B4686300B00294 /* Sources */,
				AABED1D516B4686300B00294 /* Frameworks */,
				AABED1D616B4686300B00294 /* Resources */,
			);
			buildRules = (
			);
			dependencies = (
			);
			name = QBScrollableImageView;
			productName = QBScrollableImageView;
			productReference = AABED1D816B4686300B00294 /* QBScrollableImageView.app */;
			productType = "com.apple.product-type.application";
		};
/* End PBXNativeTarget section */

/* Begin PBXProject section */
		AABED1CF16B4686300B00294 /* Project object */ = {
			isa = PBXProject;
			attributes = {
				LastUpgradeCheck = 0450;
				ORGANIZATIONNAME = "Katsuma Tanaka";
			};
			buildConfigurationList = AABED1D216B4686300B00294 /* Build configuration list for PBXProject "QBScrollableImageView" */;
			compatibilityVersion = "Xcode 3.2";
			developmentRegion = English;
			hasScannedForEncodings = 0;
			knownRegions = (
				en,
			);
			mainGroup = AABED1CD16B4686300B00294;
			productRefGroup = AABED1D916B4686300B00294 /* Products */;
			projectDirPath = "";
			projectRoot = "";
			targets = (
				AABED1D716B4686300B00294 /* QBScrollableImageView */,
			);
		};
/* End PBXProject section */

/* Begin PBXResourcesBuildPhase section */
		AABED1D616B4686300B00294 /* Resources */ = {
			isa = PBXResourcesBuildPhase;
			buildActionMask = 2147483647;
			files = (
				AABED1E716B4686300B00294 /* InfoPlist.strings in Resources */,
				AABED1EF16B4686300B00294 /* Default.png in Resources */,
				AABED1F116B4686300B00294 /* Default@2x.png in Resources */,
				AABED1F316B4686300B00294 /* Default-568h@2x.png in Resources */,
				AABED1F616B4686300B00294 /* MainStoryboard.storyboard in Resources */,
			);
			runOnlyForDeploymentPostprocessing = 0;
		};
/* End PBXResourcesBuildPhase section */

/* Begin PBXSourcesBuildPhase section */
		AABED1D416B4686300B00294 /* Sources */ = {
			isa = PBXSourcesBuildPhase;
			buildActionMask = 2147483647;
			files = (
				AABED1E916B4686300B00294 /* main.m in Sources */,
				AABED1ED16B4686300B00294 /* AppDelegate.m in Sources */,
				AABED1F916B4686300B00294 /* ViewController.m in Sources */,
			);
			runOnlyForDeploymentPostprocessing = 0;
		};
/* End PBXSourcesBuildPhase section */

/* Begin PBXVariantGroup section */
		AABED1E516B4686300B00294 /* InfoPlist.strings */ = {
			isa = PBXVariantGroup;
			children = (
				AABED1E616B4686300B00294 /* en */,
			);
			name = InfoPlist.strings;
			sourceTree = "<group>";
		};
		AABED1F416B4686300B00294 /* MainStoryboard.storyboard */ = {
			isa = PBXVariantGroup;
			children = (
				AABED1F516B4686300B00294 /* en */,
			);
			name = MainStoryboard.storyboard;
			sourceTree = "<group>";
		};
/* End PBXVariantGroup section */

/* Begin XCBuildConfiguration section */
		AABED1FA16B4686300B00294 /* Debug */ = {
			isa = XCBuildConfiguration;
			buildSettings = {
				ALWAYS_SEARCH_USER_PATHS = NO;
				CLANG_CXX_LANGUAGE_STANDARD = "gnu++0x";
				CLANG_CXX_LIBRARY = "libc++";
				CLANG_WARN_EMPTY_BODY = YES;
				CLANG_WARN__DUPLICATE_METHOD_MATCH = YES;
				"CODE_SIGN_IDENTITY[sdk=iphoneos*]" = "iPhone Developer";
				COPY_PHASE_STRIP = NO;
				GCC_C_LANGUAGE_STANDARD = gnu99;
				GCC_DYNAMIC_NO_PIC = NO;
				GCC_OPTIMIZATION_LEVEL = 0;
				GCC_PREPROCESSOR_DEFINITIONS = (
					"DEBUG=1",
					"$(inherited)",
				);
				GCC_SYMBOLS_PRIVATE_EXTERN = NO;
				GCC_WARN_ABOUT_RETURN_TYPE = YES;
				GCC_WARN_UNINITIALIZED_AUTOS = YES;
				GCC_WARN_UNUSED_VARIABLE = YES;
				IPHONEOS_DEPLOYMENT_TARGET = 6.0;
				ONLY_ACTIVE_ARCH = YES;
				SDKROOT = iphoneos;
			};
			name = Debug;
		};
		AABED1FB16B4686300B00294 /* Release */ = {
			isa = XCBuildConfiguration;
			buildSettings = {
				ALWAYS_SEARCH_USER_PATHS = NO;
				CLANG_CXX_LANGUAGE_STANDARD = "gnu++0x";
				CLANG_CXX_LIBRARY = "libc++";
				CLANG_WARN_EMPTY_BODY = YES;
				CLANG_WARN__DUPLICATE_METHOD_MATCH = YES;
				"CODE_SIGN_IDENTITY[sdk=iphoneos*]" = "iPhone Developer";
				COPY_PHASE_STRIP = YES;
				GCC_C_LANGUAGE_STANDARD = gnu99;
				GCC_WARN_ABOUT_RETURN_TYPE = YES;
				GCC_WARN_UNINITIALIZED_AUTOS = YES;
				GCC_WARN_UNUSED_VARIABLE = YES;
				IPHONEOS_DEPLOYMENT_TARGET = 6.0;
				OTHER_CFLAGS = "-DNS_BLOCK_ASSERTIONS=1";
				SDKROOT = iphoneos;
				VALIDATE_PRODUCT = YES;
			};
			name = Release;
		};
		AABED1FD16B4686300B00294 /* Debug */ = {
			isa = XCBuildConfiguration;
			buildSettings = {
				GCC_PRECOMPILE_PREFIX_HEADER = YES;
				GCC_PREFIX_HEADER = "QBScrollableImageView/QBScrollableImageView-Prefix.pch";
				INFOPLIST_FILE = "QBScrollableImageView/QBScrollableImageView-Info.plist";
				PRODUCT_NAME = "$(TARGET_NAME)";
				WRAPPER_EXTENSION = app;
			};
			name = Debug;
		};
		AABED1FE16B4686300B00294 /* Release */ = {
			isa = XCBuildConfiguration;
			buildSettings = {
				GCC_PRECOMPILE_PREFIX_HEADER = YES;
				GCC_PREFIX_HEADER = "QBScrollableImageView/QBScrollableImageView-Prefix.pch";
				INFOPLIST_FILE = "QBScrollableImageView/QBScrollableImageView-Info.plist";
				PRODUCT_NAME = "$(TARGET_NAME)";
				WRAPPER_EXTENSION = app;
			};
			name = Release;
		};
/* End XCBuildConfiguration section */

/* Begin XCConfigurationList section */
		AABED1D216B4686300B00294 /* Build configuration list for PBXProject "QBScrollableImageView" */ = {
			isa = XCConfigurationList;
			buildConfigurations = (
				AABED1FA16B4686300B00294 /* Debug */,
				AABED1FB16B4686300B00294 /* Release */,
			);
			defaultConfigurationIsVisible = 0;
			defaultConfigurationName = Release;
		};
		AABED1FC16B4686300B00294 /* Build configuration list for PBXNativeTarget "QBScrollableImageView" */ = {
			isa = XCConfigurationList;
			buildConfigurations = (
				AABED1FD16B4686300B00294 /* Debug */,
				AABED1FE16B4686300B00294 /* Release */,
			);
			defaultConfigurationIsVisible = 0;
		};
/* End XCConfigurationList section */
	};
	rootObject = AABED1CF16B4686300B00294 /* Project object */;
}
